
Microsoft Visual Studio Solution File, Format Version 12.00
# Visual Studio Version 16
VisualStudioVersion = 16.0.30011.22
MinimumVisualStudioVersion = 10.0.40219.1
Project("{FAE04EC0-301F-11D3-BF4B-00C04F79EFBC}") = "OOP_lab_4_17_3", "OOP_lab_4_17_3\OOP_lab_4_17_3.csproj", "{ED816937-B1BE-4640-88C1-64E228C439F7}"
EndProject
Project("{2150E333-8FDC-42A3-9474-1A3956D46DE8}") = "Solution Items", "Solution Items", "{ECAFE514-4305-4942-ACA4-23B4FB27DE09}"
	ProjectSection(SolutionItems) = preProject
		.travis.yml = .travis.yml
	EndProjectSection
EndProject
Global
	GlobalSection(SolutionConfigurationPlatforms) = preSolution
		Debug|Any CPU = Debug|Any CPU
		Release|Any CPU = Release|Any CPU
	EndGlobalSection
	GlobalSection(ProjectConfigurationPlatforms) = postSolution
		{ED816937-B1BE-4640-88C1-64E228C439F7}.Debug|Any CPU.ActiveCfg = Debug|Any CPU
		{ED816937-B1BE-4640-88C1-64E228C439F7}.Debug|Any CPU.Build.0 = Debug|Any CPU
		{ED816937-B1BE-4640-88C1-64E228C439F7}.Release|Any CPU.ActiveCfg = Release|Any CPU
		{ED816937-B1BE-4640-88C1-64E228C439F7}.Release|Any CPU.Build.0 = Release|Any CPU
	EndGlobalSection
	GlobalSection(SolutionProperties) = preSolution
		HideSolutionNode = FALSE
	EndGlobalSection
	GlobalSection(ExtensibilityGlobals) = postSolution
		SolutionGuid = {48DEC693-4B6F-401A-B00C-C13510738303}
	EndGlobalSection
EndGlobal
